
Microsoft Visual Studio Solution File, Format Version 12.00
# Visual Studio Version 17
VisualStudioVersion = 17.0.32112.339
MinimumVisualStudioVersion = 10.0.40219.1
Project("{FAE04EC0-301F-11D3-BF4B-00C04F79EFBC}") = "Dashboard.University.Web.Server", "Dashboard.University.Web\Server\Dashboard.University.Web.Server.csproj", "{4B7DB68B-CAEC-4034-B079-713A70EE4391}"
EndProject
Project("{FAE04EC0-301F-11D3-BF4B-00C04F79EFBC}") = "Dashboard.University.Web.Client", "Dashboard.University.Web\Client\Dashboard.University.Web.Client.csproj", "{C98840A8-C599-4112-94F2-1317A629E6C5}"
EndProject
Project("{FAE04EC0-301F-11D3-BF4B-00C04F79EFBC}") = "Dashboard.University.Web.Shared", "Dashboard.University.Web\Shared\Dashboard.University.Web.Shared.csproj", "{C2C24C97-066E-4B10-BF78-35FC1CD3EF19}"
EndProject
Global
	GlobalSection(SolutionConfigurationPlatforms) = preSolution
		Debug|Any CPU = Debug|Any CPU
		Release|Any CPU = Release|Any CPU
	EndGlobalSection
	GlobalSection(ProjectConfigurationPlatforms) = postSolution
		{4B7DB68B-CAEC-4034-B079-713A70EE4391}.Debug|Any CPU.ActiveCfg = Debug|Any CPU
		{4B7DB68B-CAEC-4034-B079-713A70EE4391}.Debug|Any CPU.Build.0 = Debug|Any CPU
		{4B7DB68B-CAEC-4034-B079-713A70EE4391}.Release|Any CPU.ActiveCfg = Release|Any CPU
		{4B7DB68B-CAEC-4034-B079-713A70EE4391}.Release|Any CPU.Build.0 = Release|Any CPU
		{C98840A8-C599-4112-94F2-1317A629E6C5}.Debug|Any CPU.ActiveCfg = Debug|Any CPU
		{C98840A8-C599-4112-94F2-1317A629E6C5}.Debug|Any CPU.Build.0 = Debug|Any CPU
		{C98840A8-C599-4112-94F2-1317A629E6C5}.Release|Any CPU.ActiveCfg = Release|Any CPU
		{C98840A8-C599-4112-94F2-1317A629E6C5}.Release|Any CPU.Build.0 = Release|Any CPU
		{C2C24C97-066E-4B10-BF78-35FC1CD3EF19}.Debug|Any CPU.ActiveCfg = Debug|Any CPU
		{C2C24C97-066E-4B10-BF78-35FC1CD3EF19}.Debug|Any CPU.Build.0 = Debug|Any CPU
		{C2C24C97-066E-4B10-BF78-35FC1CD3EF19}.Release|Any CPU.ActiveCfg = Release|Any CPU
		{C2C24C97-066E-4B10-BF78-35FC1CD3EF19}.Release|Any CPU.Build.0 = Release|Any CPU
	EndGlobalSection
	GlobalSection(SolutionProperties) = preSolution
		HideSolutionNode = FALSE
	EndGlobalSection
	GlobalSection(ExtensibilityGlobals) = postSolution
		SolutionGuid = {EC60DDAD-D891-45A9-9AE2-93F8BED28F77}
	EndGlobalSection
EndGlobal
